{
  "version": 4,
  "terraform_version": "0.12.4",
  "serial": 3,
  "lineage": "2261da81-1de6-a80c-c5d0-f8f3a00794a1",
  "outputs": {},
  "resources": [
    {
      "mode": "managed",
      "type": "azurerm_container_registry",
      "name": "acr",
      "provider": "provider.azurerm",
      "instances": [
        {
          "schema_version": 2,
          "attributes": {
            "admin_enabled": false,
            "admin_password": "",
            "admin_username": "",
            "georeplication_locations": null,
            "id": "/subscriptions/a78dd370-2e4d-44b3-a09f-74bcc3383653/resourceGroups/julio456ResourceGroup/providers/Microsoft.ContainerRegistry/registries/julio456ACR",
            "location": "westus",
            "login_server": "julio456acr.azurecr.io",
            "name": "julio456ACR",
            "resource_group_name": "julio456ResourceGroup",
            "sku": "Basic",
            "storage_account": [],
            "storage_account_id": null,
            "tags": {}
          },
          "private": "eyJzY2hlbWFfdmVyc2lvbiI6IjIifQ==",
          "depends_on": [
            "azurerm_resource_group.rg"
          ]
        }
      ]
    },
    {
      "mode": "managed",
      "type": "azurerm_resource_group",
      "name": "rg",
      "provider": "provider.azurerm",
      "instances": [
        {
          "schema_version": 0,
          "attributes": {
            "id": "/subscriptions/a78dd370-2e4d-44b3-a09f-74bcc3383653/resourceGroups/julio456ResourceGroup",
            "location": "westus",
            "name": "julio456ResourceGroup",
            "tags": {}
          },
          "private": "bnVsbA=="
        }
      ]
    }
  ]
}
