
Microsoft Visual Studio Solution File, Format Version 12.00
# Visual Studio 15
VisualStudioVersion = 15.0.28010.2050
MinimumVisualStudioVersion = 10.0.40219.1
Project("{FAE04EC0-301F-11D3-BF4B-00C04F79EFBC}") = "SampleWebApi", "SampleWebApi\SampleWebApi.csproj", "{39989643-AF5C-4AA4-A50E-D8B3A0887079}"
EndProject
Project("{2150E333-8FDC-42A3-9474-1A3956D46DE8}") = "deployments", "deployments", "{958EE7E3-7EF3-43FB-891C-9E78799D45FD}"
	ProjectSection(SolutionItems) = preProject
		deployments\1_resouse_group.tf = deployments\1_resouse_group.tf
	EndProjectSection
EndProject
Global
	GlobalSection(SolutionConfigurationPlatforms) = preSolution
		Debug|Any CPU = Debug|Any CPU
		Release|Any CPU = Release|Any CPU
	EndGlobalSection
	GlobalSection(ProjectConfigurationPlatforms) = postSolution
		{39989643-AF5C-4AA4-A50E-D8B3A0887079}.Debug|Any CPU.ActiveCfg = Debug|Any CPU
		{39989643-AF5C-4AA4-A50E-D8B3A0887079}.Debug|Any CPU.Build.0 = Debug|Any CPU
		{39989643-AF5C-4AA4-A50E-D8B3A0887079}.Release|Any CPU.ActiveCfg = Release|Any CPU
		{39989643-AF5C-4AA4-A50E-D8B3A0887079}.Release|Any CPU.Build.0 = Release|Any CPU
	EndGlobalSection
	GlobalSection(SolutionProperties) = preSolution
		HideSolutionNode = FALSE
	EndGlobalSection
	GlobalSection(ExtensibilityGlobals) = postSolution
		SolutionGuid = {E697C2BD-1514-40E4-B557-B4CF7638EB23}
	EndGlobalSection
EndGlobal
